
Microsoft Visual Studio Solution File, Format Version 12.00
# Visual Studio Version 16
VisualStudioVersion = 16.0.29230.47
MinimumVisualStudioVersion = 10.0.40219.1
Project("{8BC9CEB8-8B4A-11D0-8D11-00A0C91BC942}") = "Chess", "Chess.vcxproj", "{EB803FCF-E7D2-48E6-8E88-48A96399F64B}"
EndProject
Global
	GlobalSection(SolutionConfigurationPlatforms) = preSolution
		Debug|x64 = Debug|x64
		Debug|x86 = Debug|x86
		Release|x64 = Release|x64
		Release|x86 = Release|x86
	EndGlobalSection
	GlobalSection(ProjectConfigurationPlatforms) = postSolution
		{EB803FCF-E7D2-48E6-8E88-48A96399F64B}.Debug|x64.ActiveCfg = Debug|x64
		{EB803FCF-E7D2-48E6-8E88-48A96399F64B}.Debug|x64.Build.0 = Debug|x64
		{EB803FCF-E7D2-48E6-8E88-48A96399F64B}.Debug|x86.ActiveCfg = Debug|Win32
		{EB803FCF-E7D2-48E6-8E88-48A96399F64B}.Debug|x86.Build.0 = Debug|Win32
		{EB803FCF-E7D2-48E6-8E88-48A96399F64B}.Release|x64.ActiveCfg = Release|x64
		{EB803FCF-E7D2-48E6-8E88-48A96399F64B}.Release|x64.Build.0 = Release|x64
		{EB803FCF-E7D2-48E6-8E88-48A96399F64B}.Release|x86.ActiveCfg = Release|Win32
		{EB803FCF-E7D2-48E6-8E88-48A96399F64B}.Release|x86.Build.0 = Release|Win32
	EndGlobalSection
	GlobalSection(SolutionProperties) = preSolution
		HideSolutionNode = FALSE
	EndGlobalSection
	GlobalSection(ExtensibilityGlobals) = postSolution
		SolutionGuid = {FCE1C680-4A8B-40E9-B357-6F9847166B40}
	EndGlobalSection
EndGlobal
